
Microsoft Visual Studio Solution File, Format Version 12.00
# Visual Studio Version 17
VisualStudioVersion = 17.6.33717.318
MinimumVisualStudioVersion = 10.0.40219.1
Project("{8BC9CEB8-8B4A-11D0-8D11-00A0C91BC942}") = "GalvanEngine", "GalvanEngine\GalvanEngine.vcxproj", "{AE5BE112-1C06-4B69-A51C-564E1427D7A8}"
EndProject
Global
	GlobalSection(SolutionConfigurationPlatforms) = preSolution
		Debug|x64 = Debug|x64
		Debug|x86 = Debug|x86
		Release|x64 = Release|x64
		Release|x86 = Release|x86
	EndGlobalSection
	GlobalSection(ProjectConfigurationPlatforms) = postSolution
		{AE5BE112-1C06-4B69-A51C-564E1427D7A8}.Debug|x64.ActiveCfg = Debug|x64
		{AE5BE112-1C06-4B69-A51C-564E1427D7A8}.Debug|x64.Build.0 = Debug|x64
		{AE5BE112-1C06-4B69-A51C-564E1427D7A8}.Debug|x86.ActiveCfg = Debug|Win32
		{AE5BE112-1C06-4B69-A51C-564E1427D7A8}.Debug|x86.Build.0 = Debug|Win32
		{AE5BE112-1C06-4B69-A51C-564E1427D7A8}.Release|x64.ActiveCfg = Release|x64
		{AE5BE112-1C06-4B69-A51C-564E1427D7A8}.Release|x64.Build.0 = Release|x64
		{AE5BE112-1C06-4B69-A51C-564E1427D7A8}.Release|x86.ActiveCfg = Release|Win32
		{AE5BE112-1C06-4B69-A51C-564E1427D7A8}.Release|x86.Build.0 = Release|Win32
	EndGlobalSection
	GlobalSection(SolutionProperties) = preSolution
		HideSolutionNode = FALSE
	EndGlobalSection
	GlobalSection(ExtensibilityGlobals) = postSolution
		SolutionGuid = {644D3E26-639E-4BCA-8BE1-C556E37D0D41}
	EndGlobalSection
EndGlobal
